
Microsoft Visual Studio Solution File, Format Version 12.00
Project("{2150E333-8FDC-42A3-9474-1A3956D46DE8}") = "src", "src", "{1DFF7A88-B363-4943-A9C2-AF9111B8DA0D}"
EndProject
Project("{2150E333-8FDC-42A3-9474-1A3956D46DE8}") = "tests", "tests", "{682056FF-660F-41FB-8A10-6FB90B1ADC5B}"
EndProject
Project("{FAE04EC0-301F-11D3-BF4B-00C04F79EFBC}") = "Application", "src\Application\Application.csproj", "{0DDF439B-FF93-4FB6-9378-0B0B16B7FB79}"
EndProject
Project("{FAE04EC0-301F-11D3-BF4B-00C04F79EFBC}") = "Persistence", "src\Persistence\Persistence.csproj", "{B5093515-2E10-40B5-9829-80FC13896B50}"
EndProject
Project("{FAE04EC0-301F-11D3-BF4B-00C04F79EFBC}") = "Infrastructure", "src\Infrastructure\Infrastructure.csproj", "{629085A9-6091-4183-A9AB-FDE767AB2A1B}"
EndProject
Project("{FAE04EC0-301F-11D3-BF4B-00C04F79EFBC}") = "WebAPI", "src\WebAPI\WebAPI.csproj", "{4DF637CC-6E68-4636-8B99-C48902414FB8}"
EndProject
Project("{FAE04EC0-301F-11D3-BF4B-00C04F79EFBC}") = "Domain", "src\Domain\Domain.csproj", "{64853FA2-A0CC-47C7-83D6-7E0F6AFC5AB7}"
EndProject
Global
	GlobalSection(SolutionConfigurationPlatforms) = preSolution
		Debug|Any CPU = Debug|Any CPU
		Release|Any CPU = Release|Any CPU
	EndGlobalSection
	GlobalSection(NestedProjects) = preSolution
		{0DDF439B-FF93-4FB6-9378-0B0B16B7FB79} = {1DFF7A88-B363-4943-A9C2-AF9111B8DA0D}
		{B5093515-2E10-40B5-9829-80FC13896B50} = {1DFF7A88-B363-4943-A9C2-AF9111B8DA0D}
		{629085A9-6091-4183-A9AB-FDE767AB2A1B} = {1DFF7A88-B363-4943-A9C2-AF9111B8DA0D}
		{4DF637CC-6E68-4636-8B99-C48902414FB8} = {1DFF7A88-B363-4943-A9C2-AF9111B8DA0D}
		{64853FA2-A0CC-47C7-83D6-7E0F6AFC5AB7} = {1DFF7A88-B363-4943-A9C2-AF9111B8DA0D}
	EndGlobalSection
	GlobalSection(ProjectConfigurationPlatforms) = postSolution
		{0DDF439B-FF93-4FB6-9378-0B0B16B7FB79}.Debug|Any CPU.ActiveCfg = Debug|Any CPU
		{0DDF439B-FF93-4FB6-9378-0B0B16B7FB79}.Debug|Any CPU.Build.0 = Debug|Any CPU
		{0DDF439B-FF93-4FB6-9378-0B0B16B7FB79}.Release|Any CPU.ActiveCfg = Release|Any CPU
		{0DDF439B-FF93-4FB6-9378-0B0B16B7FB79}.Release|Any CPU.Build.0 = Release|Any CPU
		{B5093515-2E10-40B5-9829-80FC13896B50}.Debug|Any CPU.ActiveCfg = Debug|Any CPU
		{B5093515-2E10-40B5-9829-80FC13896B50}.Debug|Any CPU.Build.0 = Debug|Any CPU
		{B5093515-2E10-40B5-9829-80FC13896B50}.Release|Any CPU.ActiveCfg = Release|Any CPU
		{B5093515-2E10-40B5-9829-80FC13896B50}.Release|Any CPU.Build.0 = Release|Any CPU
		{629085A9-6091-4183-A9AB-FDE767AB2A1B}.Debug|Any CPU.ActiveCfg = Debug|Any CPU
		{629085A9-6091-4183-A9AB-FDE767AB2A1B}.Debug|Any CPU.Build.0 = Debug|Any CPU
		{629085A9-6091-4183-A9AB-FDE767AB2A1B}.Release|Any CPU.ActiveCfg = Release|Any CPU
		{629085A9-6091-4183-A9AB-FDE767AB2A1B}.Release|Any CPU.Build.0 = Release|Any CPU
		{4DF637CC-6E68-4636-8B99-C48902414FB8}.Debug|Any CPU.ActiveCfg = Debug|Any CPU
		{4DF637CC-6E68-4636-8B99-C48902414FB8}.Debug|Any CPU.Build.0 = Debug|Any CPU
		{4DF637CC-6E68-4636-8B99-C48902414FB8}.Release|Any CPU.ActiveCfg = Release|Any CPU
		{4DF637CC-6E68-4636-8B99-C48902414FB8}.Release|Any CPU.Build.0 = Release|Any CPU
		{64853FA2-A0CC-47C7-83D6-7E0F6AFC5AB7}.Debug|Any CPU.ActiveCfg = Debug|Any CPU
		{64853FA2-A0CC-47C7-83D6-7E0F6AFC5AB7}.Debug|Any CPU.Build.0 = Debug|Any CPU
		{64853FA2-A0CC-47C7-83D6-7E0F6AFC5AB7}.Release|Any CPU.ActiveCfg = Release|Any CPU
		{64853FA2-A0CC-47C7-83D6-7E0F6AFC5AB7}.Release|Any CPU.Build.0 = Release|Any CPU
	EndGlobalSection
EndGlobal
