
Microsoft Visual Studio Solution File, Format Version 12.00
# Visual Studio Version 17
VisualStudioVersion = 17.5.002.0
MinimumVisualStudioVersion = 10.0.40219.1
Project("{9A19103F-16F7-4668-BE54-9A1E7A4F7556}") = "Application", "Application\Application.csproj", "{9309F734-ED95-4062-818B-651255B4E5D3}"
EndProject
Project("{9A19103F-16F7-4668-BE54-9A1E7A4F7556}") = "Domain", "Domain\Domain.csproj", "{1F0CF5D3-EF65-4CC5-AB57-E45313F471C8}"
EndProject
Project("{9A19103F-16F7-4668-BE54-9A1E7A4F7556}") = "Infrastructure", "Infrastructure\Infrastructure.csproj", "{8522F1C1-1F1E-4591-A109-970D6A08C2AF}"
EndProject
Project("{9A19103F-16F7-4668-BE54-9A1E7A4F7556}") = "Persistence", "Persistence\Persistence.csproj", "{F5BA1F56-38E0-45A6-9B3B-04A0071720D8}"
EndProject
Project("{9A19103F-16F7-4668-BE54-9A1E7A4F7556}") = "WebAPI", "WebAPI\WebAPI.csproj", "{479F5068-54D1-4F13-ABE5-91B7407BC21A}"
EndProject
Global
	GlobalSection(SolutionConfigurationPlatforms) = preSolution
		Debug|Any CPU = Debug|Any CPU
		Release|Any CPU = Release|Any CPU
	EndGlobalSection
	GlobalSection(ProjectConfigurationPlatforms) = postSolution
		{9309F734-ED95-4062-818B-651255B4E5D3}.Debug|Any CPU.ActiveCfg = Debug|Any CPU
		{9309F734-ED95-4062-818B-651255B4E5D3}.Debug|Any CPU.Build.0 = Debug|Any CPU
		{9309F734-ED95-4062-818B-651255B4E5D3}.Release|Any CPU.ActiveCfg = Release|Any CPU
		{9309F734-ED95-4062-818B-651255B4E5D3}.Release|Any CPU.Build.0 = Release|Any CPU
		{1F0CF5D3-EF65-4CC5-AB57-E45313F471C8}.Debug|Any CPU.ActiveCfg = Debug|Any CPU
		{1F0CF5D3-EF65-4CC5-AB57-E45313F471C8}.Debug|Any CPU.Build.0 = Debug|Any CPU
		{1F0CF5D3-EF65-4CC5-AB57-E45313F471C8}.Release|Any CPU.ActiveCfg = Release|Any CPU
		{1F0CF5D3-EF65-4CC5-AB57-E45313F471C8}.Release|Any CPU.Build.0 = Release|Any CPU
		{8522F1C1-1F1E-4591-A109-970D6A08C2AF}.Debug|Any CPU.ActiveCfg = Debug|Any CPU
		{8522F1C1-1F1E-4591-A109-970D6A08C2AF}.Debug|Any CPU.Build.0 = Debug|Any CPU
		{8522F1C1-1F1E-4591-A109-970D6A08C2AF}.Release|Any CPU.ActiveCfg = Release|Any CPU
		{8522F1C1-1F1E-4591-A109-970D6A08C2AF}.Release|Any CPU.Build.0 = Release|Any CPU
		{F5BA1F56-38E0-45A6-9B3B-04A0071720D8}.Debug|Any CPU.ActiveCfg = Debug|Any CPU
		{F5BA1F56-38E0-45A6-9B3B-04A0071720D8}.Debug|Any CPU.Build.0 = Debug|Any CPU
		{F5BA1F56-38E0-45A6-9B3B-04A0071720D8}.Release|Any CPU.ActiveCfg = Release|Any CPU
		{F5BA1F56-38E0-45A6-9B3B-04A0071720D8}.Release|Any CPU.Build.0 = Release|Any CPU
		{479F5068-54D1-4F13-ABE5-91B7407BC21A}.Debug|Any CPU.ActiveCfg = Debug|Any CPU
		{479F5068-54D1-4F13-ABE5-91B7407BC21A}.Debug|Any CPU.Build.0 = Debug|Any CPU
		{479F5068-54D1-4F13-ABE5-91B7407BC21A}.Release|Any CPU.ActiveCfg = Release|Any CPU
		{479F5068-54D1-4F13-ABE5-91B7407BC21A}.Release|Any CPU.Build.0 = Release|Any CPU
	EndGlobalSection
	GlobalSection(SolutionProperties) = preSolution
		HideSolutionNode = FALSE
	EndGlobalSection
	GlobalSection(ExtensibilityGlobals) = postSolution
		SolutionGuid = {B7B3C99D-4A41-4032-95E1-ABD05A6DC6AF}
	EndGlobalSection
EndGlobal
